
Microsoft Visual Studio Solution File, Format Version 12.00
# Visual Studio Version 17
VisualStudioVersion = 17.4.33205.214
MinimumVisualStudioVersion = 10.0.40219.1
Project("{FAE04EC0-301F-11D3-BF4B-00C04F79EFBC}") = "ConsoleApp1", "ConsoleApp1\ConsoleApp1.csproj", "{D3BDFC3E-5209-4F52-B3F6-CDD653607F44}"
EndProject
Global
	GlobalSection(SolutionConfigurationPlatforms) = preSolution
		Debug|Any CPU = Debug|Any CPU
		Release|Any CPU = Release|Any CPU
	EndGlobalSection
	GlobalSection(ProjectConfigurationPlatforms) = postSolution
		{D3BDFC3E-5209-4F52-B3F6-CDD653607F44}.Debug|Any CPU.ActiveCfg = Debug|Any CPU
		{D3BDFC3E-5209-4F52-B3F6-CDD653607F44}.Debug|Any CPU.Build.0 = Debug|Any CPU
		{D3BDFC3E-5209-4F52-B3F6-CDD653607F44}.Release|Any CPU.ActiveCfg = Release|Any CPU
		{D3BDFC3E-5209-4F52-B3F6-CDD653607F44}.Release|Any CPU.Build.0 = Release|Any CPU
	EndGlobalSection
	GlobalSection(SolutionProperties) = preSolution
		HideSolutionNode = FALSE
	EndGlobalSection
	GlobalSection(ExtensibilityGlobals) = postSolution
		SolutionGuid = {7AC6FEC3-AA4F-45BA-8484-08E81B8D8456}
	EndGlobalSection
EndGlobal
