
Microsoft Visual Studio Solution File, Format Version 12.00
# Visual Studio Version 16
VisualStudioVersion = 25.0.1704.1
MinimumVisualStudioVersion = 10.0.40219.1
Project("{FAE04EC0-301F-11D3-BF4B-00C04F79EFBC}") = "Constructor", "Constructor\Constructor.csproj", "{73AB648C-0E45-4134-9066-FB546E9D7828}"
EndProject
Global
	GlobalSection(SolutionConfigurationPlatforms) = preSolution
		Debug|Any CPU = Debug|Any CPU
		Release|Any CPU = Release|Any CPU
	EndGlobalSection
	GlobalSection(ProjectConfigurationPlatforms) = postSolution
		{73AB648C-0E45-4134-9066-FB546E9D7828}.Debug|Any CPU.ActiveCfg = Debug|Any CPU
		{73AB648C-0E45-4134-9066-FB546E9D7828}.Debug|Any CPU.Build.0 = Debug|Any CPU
		{73AB648C-0E45-4134-9066-FB546E9D7828}.Release|Any CPU.ActiveCfg = Release|Any CPU
		{73AB648C-0E45-4134-9066-FB546E9D7828}.Release|Any CPU.Build.0 = Release|Any CPU
	EndGlobalSection
	GlobalSection(SolutionProperties) = preSolution
		HideSolutionNode = FALSE
	EndGlobalSection
	GlobalSection(ExtensibilityGlobals) = postSolution
		SolutionGuid = {03618167-93C4-4E8B-9EAB-5F96A8604DFF}
	EndGlobalSection
EndGlobal
