
Microsoft Visual Studio Solution File, Format Version 12.00
# Visual Studio Version 16
VisualStudioVersion = 25.0.1704.1
MinimumVisualStudioVersion = 10.0.40219.1
Project("{FAE04EC0-301F-11D3-BF4B-00C04F79EFBC}") = "inheritance", "inheritance\inheritance.csproj", "{168F2D7A-1123-4883-8647-083FA88429F1}"
EndProject
Global
	GlobalSection(SolutionConfigurationPlatforms) = preSolution
		Debug|Any CPU = Debug|Any CPU
		Release|Any CPU = Release|Any CPU
	EndGlobalSection
	GlobalSection(ProjectConfigurationPlatforms) = postSolution
		{168F2D7A-1123-4883-8647-083FA88429F1}.Debug|Any CPU.ActiveCfg = Debug|Any CPU
		{168F2D7A-1123-4883-8647-083FA88429F1}.Debug|Any CPU.Build.0 = Debug|Any CPU
		{168F2D7A-1123-4883-8647-083FA88429F1}.Release|Any CPU.ActiveCfg = Release|Any CPU
		{168F2D7A-1123-4883-8647-083FA88429F1}.Release|Any CPU.Build.0 = Release|Any CPU
	EndGlobalSection
	GlobalSection(SolutionProperties) = preSolution
		HideSolutionNode = FALSE
	EndGlobalSection
	GlobalSection(ExtensibilityGlobals) = postSolution
		SolutionGuid = {FE087B05-55C4-4E27-ABC8-8B87814CE478}
	EndGlobalSection
EndGlobal
